// !$*UTF8*$!
{
	archiveVersion = 1;
	classes = {
	};
	objectVersion = 45;
	objects = {

/* Begin PBXBuildFile section */
		1B9DA957129681D100285E72 /* xml_helper.cpp in Sources */ = {isa = PBXBuildFile; fileRef = 1B9DA952129681D100285E72 /* xml_helper.cpp */; };
		1DDD58160DA1D0A300B32029 /* MainMenu.xib in Resources */ = {isa = PBXBuildFile; fileRef = 1DDD58140DA1D0A300B32029 /* MainMenu.xib */; };
		256AC3DA0F4B6AC300CF3369 /* eriAppDelegate.mm in Sources */ = {isa = PBXBuildFile; fileRef = 256AC3D90F4B6AC300CF3369 /* eriAppDelegate.mm */; };
		526219051EDEE1920027F72C /* texture_atlas_mgr.cpp in Sources */ = {isa = PBXBuildFile; fileRef = 526219031EDEE1920027F72C /* texture_atlas_mgr.cpp */; };
		8D11072B0486CEB800E47090 /* InfoPlist.strings in Resources */ = {isa = PBXBuildFile; fileRef = 089C165CFE840E0CC02AAC07 /* InfoPlist.strings */; };
		8D11072D0486CEB800E47090 /* main.m in Sources */ = {isa = PBXBuildFile; fileRef = 29B97316FDCFA39411CA2CEA /* main.m */; settings = {ATTRIBUTES = (); }; };
		8D11072F0486CEB800E47090 /* Cocoa.framework in Frameworks */ = {isa = PBXBuildFile; fileRef = 1058C7A1FEA54F0111CA2CBB /* Cocoa.framework */; };
		F612B1A5126B6374002C8152 /* gl_view.mm in Sources */ = {isa = PBXBuildFile; fileRef = F612B1A4126B6374002C8152 /* gl_view.mm */; };
		F6327603126B520D005C23B6 /* platform_helper_apple.mm in Sources */ = {isa = PBXBuildFile; fileRef = F6327602126B520D005C23B6 /* platform_helper_apple.mm */; };
		F657B90E16143BC200690D98 /* OpenGL.framework in Frameworks */ = {isa = PBXBuildFile; fileRef = F657B90D16143BC200690D98 /* OpenGL.framework */; };
		F657B91016143BE100690D98 /* libz.dylib in Frameworks */ = {isa = PBXBuildFile; fileRef = F657B90F16143BE100690D98 /* libz.dylib */; };
		F689F85A1619275800DC7B7C /* renderer_es2.cpp in Sources */ = {isa = PBXBuildFile; fileRef = F689F8591619275800DC7B7C /* renderer_es2.cpp */; };
		F689F85C1619285B00DC7B7C /* shaders in Resources */ = {isa = PBXBuildFile; fileRef = F689F85B1619285B00DC7B7C /* shaders */; };
		F68BBFC517D0E33100DB8759 /* libfreeimage.a in Frameworks */ = {isa = PBXBuildFile; fileRef = F68BBFC417D0E33100DB8759 /* libfreeimage.a */; };
		F69135F11622E4FB004B8EF6 /* shader_mgr.cpp in Sources */ = {isa = PBXBuildFile; fileRef = F69135EF1622E4FB004B8EF6 /* shader_mgr.cpp */; };
		F6AC86A81360EFB60067F913 /* sys_helper.cpp in Sources */ = {isa = PBXBuildFile; fileRef = F6AC86A61360EFB60067F913 /* sys_helper.cpp */; };
		F6B3AB4E1269CC2E009303FA /* font_mgr.cpp in Sources */ = {isa = PBXBuildFile; fileRef = F6B3AB311269CC2E009303FA /* font_mgr.cpp */; };
		F6B3AB4F1269CC2E009303FA /* input_mgr.cpp in Sources */ = {isa = PBXBuildFile; fileRef = F6B3AB331269CC2E009303FA /* input_mgr.cpp */; };
		F6B3AB501269CC2E009303FA /* math_helper.cpp in Sources */ = {isa = PBXBuildFile; fileRef = F6B3AB361269CC2E009303FA /* math_helper.cpp */; };
		F6B3AB511269CC2E009303FA /* particle_system.cpp in Sources */ = {isa = PBXBuildFile; fileRef = F6B3AB391269CC2E009303FA /* particle_system.cpp */; };
		F6B3AB521269CC2E009303FA /* render_data.cpp in Sources */ = {isa = PBXBuildFile; fileRef = F6B3AB3E1269CC2E009303FA /* render_data.cpp */; };
		F6B3AB531269CC2E009303FA /* renderer_es1.cpp in Sources */ = {isa = PBXBuildFile; fileRef = F6B3AB401269CC2E009303FA /* renderer_es1.cpp */; };
		F6B3AB551269CC2E009303FA /* root.cpp in Sources */ = {isa = PBXBuildFile; fileRef = F6B3AB451269CC2E009303FA /* root.cpp */; };
		F6B3AB561269CC2E009303FA /* scene_actor.cpp in Sources */ = {isa = PBXBuildFile; fileRef = F6B3AB471269CC2E009303FA /* scene_actor.cpp */; };
		F6B3AB571269CC2E009303FA /* scene_mgr.cpp in Sources */ = {isa = PBXBuildFile; fileRef = F6B3AB491269CC2E009303FA /* scene_mgr.cpp */; };
		F6B3AB581269CC2E009303FA /* texture_mgr.cpp in Sources */ = {isa = PBXBuildFile; fileRef = F6B3AB4B1269CC2E009303FA /* texture_mgr.cpp */; };
		F6B3AB681269CD0F009303FA /* demo_app.cpp in Sources */ = {isa = PBXBuildFile; fileRef = F6B3AB661269CD0F009303FA /* demo_app.cpp */; };
		F6B3AB8F1269D224009303FA /* texture_reader_freeimage.cpp in Sources */ = {isa = PBXBuildFile; fileRef = F6B3AB8D1269D224009303FA /* texture_reader_freeimage.cpp */; };
		F6B3ACB21269DB52009303FA /* media in Resources */ = {isa = PBXBuildFile; fileRef = F6B3ACB11269DB52009303FA /* media */; };
		F6CCF5EB15358F0B00EFD95F /* texture_reader_libpng.cpp in Sources */ = {isa = PBXBuildFile; fileRef = F6CCF5E915358F0B00EFD95F /* texture_reader_libpng.cpp */; };
		F6CCF5EF15358F5400EFD95F /* libpng.a in Frameworks */ = {isa = PBXBuildFile; fileRef = F6CCF5EE15358F5400EFD95F /* libpng.a */; };
		F6E5DB131363BDCD00D71F1A /* txt_actor.cpp in Sources */ = {isa = PBXBuildFile; fileRef = F6E5DB111363BDCD00D71F1A /* txt_actor.cpp */; };
/* End PBXBuildFile section */

/* Begin PBXFileReference section */
		089C165DFE840E0CC02AAC07 /* English */ = {isa = PBXFileReference; fileEncoding = 4; lastKnownFileType = text.plist.strings; name = English; path = English.lproj/InfoPlist.strings; sourceTree = "<group>"; };
		1058C7A1FEA54F0111CA2CBB /* Cocoa.framework */ = {isa = PBXFileReference; lastKnownFileType = wrapper.framework; name = Cocoa.framework; path = /System/Library/Frameworks/Cocoa.framework; sourceTree = "<absolute>"; };
		13E42FB307B3F0F600E4EEF1 /* CoreData.framework */ = {isa = PBXFileReference; lastKnownFileType = wrapper.framework; name = CoreData.framework; path = /System/Library/Frameworks/CoreData.framework; sourceTree = "<absolute>"; };
		1B9DA952129681D100285E72 /* xml_helper.cpp */ = {isa = PBXFileReference; fileEncoding = 4; lastKnownFileType = sourcecode.cpp.cpp; name = xml_helper.cpp; path = ../../src/xml_helper.cpp; sourceTree = SOURCE_ROOT; };
		1B9DA953129681D100285E72 /* xml_helper.h */ = {isa = PBXFileReference; fileEncoding = 4; lastKnownFileType = sourcecode.c.h; name = xml_helper.h; path = ../../src/xml_helper.h; sourceTree = SOURCE_ROOT; };
		1DDD58150DA1D0A300B32029 /* English */ = {isa = PBXFileReference; lastKnownFileType = file.xib; name = English; path = English.lproj/MainMenu.xib; sourceTree = "<group>"; };
		256AC3D80F4B6AC300CF3369 /* eriAppDelegate.h */ = {isa = PBXFileReference; fileEncoding = 4; lastKnownFileType = sourcecode.c.h; path = eriAppDelegate.h; sourceTree = "<group>"; };
		256AC3D90F4B6AC300CF3369 /* eriAppDelegate.mm */ = {isa = PBXFileReference; fileEncoding = 4; lastKnownFileType = sourcecode.cpp.objcpp; path = eriAppDelegate.mm; sourceTree = "<group>"; };
		256AC3F00F4B6AF500CF3369 /* eri_Prefix.pch */ = {isa = PBXFileReference; fileEncoding = 4; lastKnownFileType = sourcecode.c.h; path = eri_Prefix.pch; sourceTree = "<group>"; };
		29B97316FDCFA39411CA2CEA /* main.m */ = {isa = PBXFileReference; fileEncoding = 4; lastKnownFileType = sourcecode.c.objc; path = main.m; sourceTree = "<group>"; };
		29B97324FDCFA39411CA2CEA /* AppKit.framework */ = {isa = PBXFileReference; lastKnownFileType = wrapper.framework; name = AppKit.framework; path = /System/Library/Frameworks/AppKit.framework; sourceTree = "<absolute>"; };
		29B97325FDCFA39411CA2CEA /* Foundation.framework */ = {isa = PBXFileReference; lastKnownFileType = wrapper.framework; name = Foundation.framework; path = /System/Library/Frameworks/Foundation.framework; sourceTree = "<absolute>"; };
		526219031EDEE1920027F72C /* texture_atlas_mgr.cpp */ = {isa = PBXFileReference; fileEncoding = 4; lastKnownFileType = sourcecode.cpp.cpp; name = texture_atlas_mgr.cpp; path = ../../src/texture_atlas_mgr.cpp; sourceTree = "<group>"; };
		526219041EDEE1920027F72C /* texture_atlas_mgr.h */ = {isa = PBXFileReference; fileEncoding = 4; lastKnownFileType = sourcecode.c.h; name = texture_atlas_mgr.h; path = ../../src/texture_atlas_mgr.h; sourceTree = "<group>"; };
		8D1107310486CEB800E47090 /* eri-Info.plist */ = {isa = PBXFileReference; fileEncoding = 4; lastKnownFileType = text.plist.xml; path = "eri-Info.plist"; sourceTree = "<group>"; };
		8D1107320486CEB800E47090 /* eri.app */ = {isa = PBXFileReference; explicitFileType = wrapper.application; includeInIndex = 0; path = eri.app; sourceTree = BUILT_PRODUCTS_DIR; };
		F612B1A3126B6374002C8152 /* gl_view.h */ = {isa = PBXFileReference; fileEncoding = 4; lastKnownFileType = sourcecode.c.h; path = gl_view.h; sourceTree = "<group>"; };
		F612B1A4126B6374002C8152 /* gl_view.mm */ = {isa = PBXFileReference; fileEncoding = 4; lastKnownFileType = sourcecode.cpp.objcpp; path = gl_view.mm; sourceTree = "<group>"; };
		F6327602126B520D005C23B6 /* platform_helper_apple.mm */ = {isa = PBXFileReference; fileEncoding = 4; lastKnownFileType = sourcecode.cpp.objcpp; path = platform_helper_apple.mm; sourceTree = "<group>"; };
		F657B90D16143BC200690D98 /* OpenGL.framework */ = {isa = PBXFileReference; lastKnownFileType = wrapper.framework; name = OpenGL.framework; path = Platforms/MacOSX.platform/Developer/SDKs/MacOSX10.8.sdk/System/Library/Frameworks/OpenGL.framework; sourceTree = DEVELOPER_DIR; };
		F657B90F16143BE100690D98 /* libz.dylib */ = {isa = PBXFileReference; lastKnownFileType = "compiled.mach-o.dylib"; name = libz.dylib; path = Platforms/MacOSX.platform/Developer/SDKs/MacOSX10.8.sdk/usr/lib/libz.dylib; sourceTree = DEVELOPER_DIR; };
		F689F8581619275800DC7B7C /* renderer_es2.h */ = {isa = PBXFileReference; fileEncoding = 4; lastKnownFileType = sourcecode.c.h; name = renderer_es2.h; path = ../../src/renderer_es2.h; sourceTree = "<group>"; };
		F689F8591619275800DC7B7C /* renderer_es2.cpp */ = {isa = PBXFileReference; fileEncoding = 4; lastKnownFileType = sourcecode.cpp.cpp; name = renderer_es2.cpp; path = ../../src/renderer_es2.cpp; sourceTree = "<group>"; };
		F689F85B1619285B00DC7B7C /* shaders */ = {isa = PBXFileReference; lastKnownFileType = folder; name = shaders; path = ../shaders; sourceTree = "<group>"; };
		F68BBFC417D0E33100DB8759 /* libfreeimage.a */ = {isa = PBXFileReference; lastKnownFileType = archive.ar; name = libfreeimage.a; path = ../3rd/FreeImage/libfreeimage.a; sourceTree = "<group>"; };
		F69135EF1622E4FB004B8EF6 /* shader_mgr.cpp */ = {isa = PBXFileReference; fileEncoding = 4; lastKnownFileType = sourcecode.cpp.cpp; name = shader_mgr.cpp; path = ../../src/shader_mgr.cpp; sourceTree = "<group>"; };
		F69135F01622E4FB004B8EF6 /* shader_mgr.h */ = {isa = PBXFileReference; fileEncoding = 4; lastKnownFileType = sourcecode.c.h; name = shader_mgr.h; path = ../../src/shader_mgr.h; sourceTree = "<group>"; };
		F6AC86A61360EFB60067F913 /* sys_helper.cpp */ = {isa = PBXFileReference; fileEncoding = 4; lastKnownFileType = sourcecode.cpp.cpp; name = sys_helper.cpp; path = ../../src/sys_helper.cpp; sourceTree = "<group>"; };
		F6AC86A71360EFB60067F913 /* sys_helper.h */ = {isa = PBXFileReference; fileEncoding = 4; lastKnownFileType = sourcecode.c.h; name = sys_helper.h; path = ../../src/sys_helper.h; sourceTree = "<group>"; };
		F6B3AB311269CC2E009303FA /* font_mgr.cpp */ = {isa = PBXFileReference; fileEncoding = 4; lastKnownFileType = sourcecode.cpp.cpp; name = font_mgr.cpp; path = ../../src/font_mgr.cpp; sourceTree = SOURCE_ROOT; };
		F6B3AB321269CC2E009303FA /* font_mgr.h */ = {isa = PBXFileReference; fileEncoding = 4; lastKnownFileType = sourcecode.c.h; name = font_mgr.h; path = ../../src/font_mgr.h; sourceTree = SOURCE_ROOT; };
		F6B3AB331269CC2E009303FA /* input_mgr.cpp */ = {isa = PBXFileReference; fileEncoding = 4; lastKnownFileType = sourcecode.cpp.cpp; name = input_mgr.cpp; path = ../../src/input_mgr.cpp; sourceTree = SOURCE_ROOT; };
		F6B3AB341269CC2E009303FA /* input_mgr.h */ = {isa = PBXFileReference; fileEncoding = 4; lastKnownFileType = sourcecode.c.h; name = input_mgr.h; path = ../../src/input_mgr.h; sourceTree = SOURCE_ROOT; };
		F6B3AB351269CC2E009303FA /* material_data.h */ = {isa = PBXFileReference; fileEncoding = 4; lastKnownFileType = sourcecode.c.h; name = material_data.h; path = ../../src/material_data.h; sourceTree = SOURCE_ROOT; };
		F6B3AB361269CC2E009303FA /* math_helper.cpp */ = {isa = PBXFileReference; fileEncoding = 4; lastKnownFileType = sourcecode.cpp.cpp; name = math_helper.cpp; path = ../../src/math_helper.cpp; sourceTree = SOURCE_ROOT; };
		F6B3AB371269CC2E009303FA /* math_helper.h */ = {isa = PBXFileReference; fileEncoding = 4; lastKnownFileType = sourcecode.c.h; name = math_helper.h; path = ../../src/math_helper.h; sourceTree = SOURCE_ROOT; };
		F6B3AB391269CC2E009303FA /* particle_system.cpp */ = {isa = PBXFileReference; fileEncoding = 4; lastKnownFileType = sourcecode.cpp.cpp; name = particle_system.cpp; path = ../../src/particle_system.cpp; sourceTree = SOURCE_ROOT; };
		F6B3AB3A1269CC2E009303FA /* particle_system.h */ = {isa = PBXFileReference; fileEncoding = 4; lastKnownFileType = sourcecode.c.h; name = particle_system.h; path = ../../src/particle_system.h; sourceTree = SOURCE_ROOT; };
		F6B3AB3B1269CC2E009303FA /* pch.h */ = {isa = PBXFileReference; fileEncoding = 4; lastKnownFileType = sourcecode.c.h; name = pch.h; path = ../../src/pch.h; sourceTree = SOURCE_ROOT; };
		F6B3AB3C1269CC2E009303FA /* platform_helper.h */ = {isa = PBXFileReference; fileEncoding = 4; lastKnownFileType = sourcecode.c.h; name = platform_helper.h; path = ../../src/platform_helper.h; sourceTree = SOURCE_ROOT; };
		F6B3AB3D1269CC2E009303FA /* render_context.h */ = {isa = PBXFileReference; fileEncoding = 4; lastKnownFileType = sourcecode.c.h; name = render_context.h; path = ../../src/render_context.h; sourceTree = SOURCE_ROOT; };
		F6B3AB3E1269CC2E009303FA /* render_data.cpp */ = {isa = PBXFileReference; fileEncoding = 4; lastKnownFileType = sourcecode.cpp.cpp; name = render_data.cpp; path = ../../src/render_data.cpp; sourceTree = SOURCE_ROOT; };
		F6B3AB3F1269CC2E009303FA /* render_data.h */ = {isa = PBXFileReference; fileEncoding = 4; lastKnownFileType = sourcecode.c.h; name = render_data.h; path = ../../src/render_data.h; sourceTree = SOURCE_ROOT; };
		F6B3AB401269CC2E009303FA /* renderer_es1.cpp */ = {isa = PBXFileReference; fileEncoding = 4; lastKnownFileType = sourcecode.cpp.cpp; name = renderer_es1.cpp; path = ../../src/renderer_es1.cpp; sourceTree = SOURCE_ROOT; };
		F6B3AB411269CC2E009303FA /* renderer_es1.h */ = {isa = PBXFileReference; fileEncoding = 4; lastKnownFileType = sourcecode.c.h; name = renderer_es1.h; path = ../../src/renderer_es1.h; sourceTree = SOURCE_ROOT; };
		F6B3AB441269CC2E009303FA /* renderer.h */ = {isa = PBXFileReference; fileEncoding = 4; lastKnownFileType = sourcecode.c.h; name = renderer.h; path = ../../src/renderer.h; sourceTree = SOURCE_ROOT; };
		F6B3AB451269CC2E009303FA /* root.cpp */ = {isa = PBXFileReference; fileEncoding = 4; lastKnownFileType = sourcecode.cpp.cpp; name = root.cpp; path = ../../src/root.cpp; sourceTree = SOURCE_ROOT; };
		F6B3AB461269CC2E009303FA /* root.h */ = {isa = PBXFileReference; fileEncoding = 4; lastKnownFileType = sourcecode.c.h; name = root.h; path = ../../src/root.h; sourceTree = SOURCE_ROOT; };
		F6B3AB471269CC2E009303FA /* scene_actor.cpp */ = {isa = PBXFileReference; fileEncoding = 4; lastKnownFileType = sourcecode.cpp.cpp; name = scene_actor.cpp; path = ../../src/scene_actor.cpp; sourceTree = SOURCE_ROOT; };
		F6B3AB481269CC2E009303FA /* scene_actor.h */ = {isa = PBXFileReference; fileEncoding = 4; lastKnownFileType = sourcecode.c.h; name = scene_actor.h; path = ../../src/scene_actor.h; sourceTree = SOURCE_ROOT; };
		F6B3AB491269CC2E009303FA /* scene_mgr.cpp */ = {isa = PBXFileReference; fileEncoding = 4; lastKnownFileType = sourcecode.cpp.cpp; name = scene_mgr.cpp; path = ../../src/scene_mgr.cpp; sourceTree = SOURCE_ROOT; };
		F6B3AB4A1269CC2E009303FA /* scene_mgr.h */ = {isa = PBXFileReference; fileEncoding = 4; lastKnownFileType = sourcecode.c.h; name = scene_mgr.h; path = ../../src/scene_mgr.h; sourceTree = SOURCE_ROOT; };
		F6B3AB4B1269CC2E009303FA /* texture_mgr.cpp */ = {isa = PBXFileReference; fileEncoding = 4; lastKnownFileType = sourcecode.cpp.cpp; name = texture_mgr.cpp; path = ../../src/texture_mgr.cpp; sourceTree = SOURCE_ROOT; };
		F6B3AB4C1269CC2E009303FA /* texture_mgr.h */ = {isa = PBXFileReference; fileEncoding = 4; lastKnownFileType = sourcecode.c.h; name = texture_mgr.h; path = ../../src/texture_mgr.h; sourceTree = SOURCE_ROOT; };
		F6B3AB4D1269CC2E009303FA /* texture_reader.h */ = {isa = PBXFileReference; fileEncoding = 4; lastKnownFileType = sourcecode.c.h; name = texture_reader.h; path = ../../src/texture_reader.h; sourceTree = SOURCE_ROOT; };
		F6B3AB661269CD0F009303FA /* demo_app.cpp */ = {isa = PBXFileReference; fileEncoding = 4; lastKnownFileType = sourcecode.cpp.cpp; name = demo_app.cpp; path = ../src/demo_app.cpp; sourceTree = SOURCE_ROOT; };
		F6B3AB671269CD0F009303FA /* demo_app.h */ = {isa = PBXFileReference; fileEncoding = 4; lastKnownFileType = sourcecode.c.h; name = demo_app.h; path = ../src/demo_app.h; sourceTree = SOURCE_ROOT; };
		F6B3AB8D1269D224009303FA /* texture_reader_freeimage.cpp */ = {isa = PBXFileReference; fileEncoding = 4; lastKnownFileType = sourcecode.cpp.cpp; name = texture_reader_freeimage.cpp; path = ../../src/texture_reader_freeimage.cpp; sourceTree = SOURCE_ROOT; };
		F6B3AB8E1269D224009303FA /* texture_reader_freeimage.h */ = {isa = PBXFileReference; fileEncoding = 4; lastKnownFileType = sourcecode.c.h; name = texture_reader_freeimage.h; path = ../../src/texture_reader_freeimage.h; sourceTree = SOURCE_ROOT; };
		F6B3ACB11269DB52009303FA /* media */ = {isa = PBXFileReference; lastKnownFileType = folder; name = media; path = ../media; sourceTree = SOURCE_ROOT; };
		F6CCF5E915358F0B00EFD95F /* texture_reader_libpng.cpp */ = {isa = PBXFileReference; fileEncoding = 4; lastKnownFileType = sourcecode.cpp.cpp; name = texture_reader_libpng.cpp; path = ../../src/texture_reader_libpng.cpp; sourceTree = "<group>"; };
		F6CCF5EA15358F0B00EFD95F /* texture_reader_libpng.h */ = {isa = PBXFileReference; fileEncoding = 4; lastKnownFileType = sourcecode.c.h; name = texture_reader_libpng.h; path = ../../src/texture_reader_libpng.h; sourceTree = "<group>"; };
		F6CCF5EE15358F5400EFD95F /* libpng.a */ = {isa = PBXFileReference; lastKnownFileType = archive.ar; name = libpng.a; path = ../3rd/libpng/libpng.a; sourceTree = "<group>"; };
		F6E5DB111363BDCD00D71F1A /* txt_actor.cpp */ = {isa = PBXFileReference; fileEncoding = 4; indentWidth = 2; lastKnownFileType = sourcecode.cpp.cpp; name = txt_actor.cpp; path = ../../src/txt_actor.cpp; sourceTree = "<group>"; tabWidth = 2; usesTabs = 0; };
		F6E5DB121363BDCD00D71F1A /* txt_actor.h */ = {isa = PBXFileReference; fileEncoding = 4; indentWidth = 2; lastKnownFileType = sourcecode.c.h; name = txt_actor.h; path = ../../src/txt_actor.h; sourceTree = "<group>"; tabWidth = 2; usesTabs = 0; };
		F6F1B59D13643297008F5876 /* observer.h */ = {isa = PBXFileReference; fileEncoding = 4; lastKnownFileType = sourcecode.c.h; name = observer.h; path = ../../src/observer.h; sourceTree = "<group>"; };
/* End PBXFileReference section */

/* Begin PBXFrameworksBuildPhase section */
		8D11072E0486CEB800E47090 /* Frameworks */ = {
			isa = PBXFrameworksBuildPhase;
			buildActionMask = 2147483647;
			files = (
				F68BBFC517D0E33100DB8759 /* libfreeimage.a in Frameworks */,
				F657B91016143BE100690D98 /* libz.dylib in Frameworks */,
				F6CCF5EF15358F5400EFD95F /* libpng.a in Frameworks */,
				F657B90E16143BC200690D98 /* OpenGL.framework in Frameworks */,
				8D11072F0486CEB800E47090 /* Cocoa.framework in Frameworks */,
			);
			runOnlyForDeploymentPostprocessing = 0;
		};
/* End PBXFrameworksBuildPhase section */

/* Begin PBXGroup section */
		080E96DDFE201D6D7F000001 /* Classes */ = {
			isa = PBXGroup;
			children = (
				F6B3AB661269CD0F009303FA /* demo_app.cpp */,
				F6B3AB671269CD0F009303FA /* demo_app.h */,
				256AC3D80F4B6AC300CF3369 /* eriAppDelegate.h */,
				256AC3D90F4B6AC300CF3369 /* eriAppDelegate.mm */,
			);
			name = Classes;
			sourceTree = "<group>";
		};
		19C28FACFE9D520D11CA2CBB /* Products */ = {
			isa = PBXGroup;
			children = (
				8D1107320486CEB800E47090 /* eri.app */,
			);
			name = Products;
			sourceTree = "<group>";
		};
		29B97314FDCFA39411CA2CEA /* eri */ = {
			isa = PBXGroup;
			children = (
				F6B3AB0D1269CBC4009303FA /* ERI */,
				080E96DDFE201D6D7F000001 /* Classes */,
				29B97315FDCFA39411CA2CEA /* Other Sources */,
				29B97317FDCFA39411CA2CEA /* Resources */,
				29B97323FDCFA39411CA2CEA /* Frameworks */,
				19C28FACFE9D520D11CA2CBB /* Products */,
			);
			indentWidth = 4;
			name = eri;
			sourceTree = "<group>";
			tabWidth = 4;
			usesTabs = 1;
		};
		29B97315FDCFA39411CA2CEA /* Other Sources */ = {
			isa = PBXGroup;
			children = (
				256AC3F00F4B6AF500CF3369 /* eri_Prefix.pch */,
				29B97316FDCFA39411CA2CEA /* main.m */,
			);
			name = "Other Sources";
			sourceTree = "<group>";
		};
		29B97317FDCFA39411CA2CEA /* Resources */ = {
			isa = PBXGroup;
			children = (
				F689F85B1619285B00DC7B7C /* shaders */,
				F6B3ACB11269DB52009303FA /* media */,
				8D1107310486CEB800E47090 /* eri-Info.plist */,
				089C165CFE840E0CC02AAC07 /* InfoPlist.strings */,
				1DDD58140DA1D0A300B32029 /* MainMenu.xib */,
			);
			name = Resources;
			sourceTree = "<group>";
		};
		29B97323FDCFA39411CA2CEA /* Frameworks */ = {
			isa = PBXGroup;
			children = (
				F68BBFC417D0E33100DB8759 /* libfreeimage.a */,
				F6CCF5EE15358F5400EFD95F /* libpng.a */,
				F657B90F16143BE100690D98 /* libz.dylib */,
				F657B90D16143BC200690D98 /* OpenGL.framework */,
				1058C7A1FEA54F0111CA2CBB /* Cocoa.framework */,
				29B97324FDCFA39411CA2CEA /* AppKit.framework */,
				13E42FB307B3F0F600E4EEF1 /* CoreData.framework */,
				29B97325FDCFA39411CA2CEA /* Foundation.framework */,
			);
			name = Frameworks;
			sourceTree = "<group>";
		};
		F612B1A2126B6374002C8152 /* mac */ = {
			isa = PBXGroup;
			children = (
				F612B1A3126B6374002C8152 /* gl_view.h */,
				F612B1A4126B6374002C8152 /* gl_view.mm */,
			);
			name = mac;
			path = ../../src/mac;
			sourceTree = SOURCE_ROOT;
		};
		F6327601126B520D005C23B6 /* apple */ = {
			isa = PBXGroup;
			children = (
				F6327602126B520D005C23B6 /* platform_helper_apple.mm */,
			);
			name = apple;
			path = ../../src/apple;
			sourceTree = SOURCE_ROOT;
		};
		F6B3AB0D1269CBC4009303FA /* ERI */ = {
			isa = PBXGroup;
			children = (
				526219031EDEE1920027F72C /* texture_atlas_mgr.cpp */,
				526219041EDEE1920027F72C /* texture_atlas_mgr.h */,
				F6327601126B520D005C23B6 /* apple */,
				F612B1A2126B6374002C8152 /* mac */,
				F6B3AB3B1269CC2E009303FA /* pch.h */,
				F6F1B59D13643297008F5876 /* observer.h */,
				F6B3AB361269CC2E009303FA /* math_helper.cpp */,
				F6B3AB371269CC2E009303FA /* math_helper.h */,
				F6AC86A61360EFB60067F913 /* sys_helper.cpp */,
				F6AC86A71360EFB60067F913 /* sys_helper.h */,
				1B9DA952129681D100285E72 /* xml_helper.cpp */,
				1B9DA953129681D100285E72 /* xml_helper.h */,
				F6B3AB3C1269CC2E009303FA /* platform_helper.h */,
				F6B3AB451269CC2E009303FA /* root.cpp */,
				F6B3AB461269CC2E009303FA /* root.h */,
				F6B3AB311269CC2E009303FA /* font_mgr.cpp */,
				F6B3AB321269CC2E009303FA /* font_mgr.h */,
				F6B3AB331269CC2E009303FA /* input_mgr.cpp */,
				F6B3AB341269CC2E009303FA /* input_mgr.h */,
				F6B3AB351269CC2E009303FA /* material_data.h */,
				F6B3AB3D1269CC2E009303FA /* render_context.h */,
				F6B3AB3E1269CC2E009303FA /* render_data.cpp */,
				F6B3AB3F1269CC2E009303FA /* render_data.h */,
				F6B3AB441269CC2E009303FA /* renderer.h */,
				F6B3AB401269CC2E009303FA /* renderer_es1.cpp */,
				F6B3AB411269CC2E009303FA /* renderer_es1.h */,
				F689F8591619275800DC7B7C /* renderer_es2.cpp */,
				F689F8581619275800DC7B7C /* renderer_es2.h */,
				F69135EF1622E4FB004B8EF6 /* shader_mgr.cpp */,
				F69135F01622E4FB004B8EF6 /* shader_mgr.h */,
				F6B3AB491269CC2E009303FA /* scene_mgr.cpp */,
				F6B3AB4A1269CC2E009303FA /* scene_mgr.h */,
				F6B3AB471269CC2E009303FA /* scene_actor.cpp */,
				F6B3AB481269CC2E009303FA /* scene_actor.h */,
				F6E5DB111363BDCD00D71F1A /* txt_actor.cpp */,
				F6E5DB121363BDCD00D71F1A /* txt_actor.h */,
				F6B3AB391269CC2E009303FA /* particle_system.cpp */,
				F6B3AB3A1269CC2E009303FA /* particle_system.h */,
				F6B3AB4B1269CC2E009303FA /* texture_mgr.cpp */,
				F6B3AB4C1269CC2E009303FA /* texture_mgr.h */,
				F6B3AB4D1269CC2E009303FA /* texture_reader.h */,
				F6B3AB8D1269D224009303FA /* texture_reader_freeimage.cpp */,
				F6B3AB8E1269D224009303FA /* texture_reader_freeimage.h */,
				F6CCF5E915358F0B00EFD95F /* texture_reader_libpng.cpp */,
				F6CCF5EA15358F0B00EFD95F /* texture_reader_libpng.h */,
			);
			name = ERI;
			sourceTree = "<group>";
		};
/* End PBXGroup section */

/* Begin PBXNativeTarget section */
		8D1107260486CEB800E47090 /* eri */ = {
			isa = PBXNativeTarget;
			buildConfigurationList = C01FCF4A08A954540054247B /* Build configuration list for PBXNativeTarget "eri" */;
			buildPhases = (
				8D1107290486CEB800E47090 /* Resources */,
				8D11072C0486CEB800E47090 /* Sources */,
				8D11072E0486CEB800E47090 /* Frameworks */,
			);
			buildRules = (
			);
			dependencies = (
			);
			name = eri;
			productInstallPath = "$(HOME)/Applications";
			productName = eri;
			productReference = 8D1107320486CEB800E47090 /* eri.app */;
			productType = "com.apple.product-type.application";
		};
/* End PBXNativeTarget section */

/* Begin PBXProject section */
		29B97313FDCFA39411CA2CEA /* Project object */ = {
			isa = PBXProject;
			attributes = {
				ORGANIZATIONNAME = cobbler;
			};
			buildConfigurationList = C01FCF4E08A954540054247B /* Build configuration list for PBXProject "eri" */;
			compatibilityVersion = "Xcode 3.1";
			developmentRegion = English;
			hasScannedForEncodings = 1;
			knownRegions = (
				English,
				Japanese,
				French,
				German,
			);
			mainGroup = 29B97314FDCFA39411CA2CEA /* eri */;
			projectDirPath = "";
			projectRoot = "";
			targets = (
				8D1107260486CEB800E47090 /* eri */,
			);
		};
/* End PBXProject section */

/* Begin PBXResourcesBuildPhase section */
		8D1107290486CEB800E47090 /* Resources */ = {
			isa = PBXResourcesBuildPhase;
			buildActionMask = 2147483647;
			files = (
				8D11072B0486CEB800E47090 /* InfoPlist.strings in Resources */,
				1DDD58160DA1D0A300B32029 /* MainMenu.xib in Resources */,
				F6B3ACB21269DB52009303FA /* media in Resources */,
				F689F85C1619285B00DC7B7C /* shaders in Resources */,
			);
			runOnlyForDeploymentPostprocessing = 0;
		};
/* End PBXResourcesBuildPhase section */

/* Begin PBXSourcesBuildPhase section */
		8D11072C0486CEB800E47090 /* Sources */ = {
			isa = PBXSourcesBuildPhase;
			buildActionMask = 2147483647;
			files = (
				8D11072D0486CEB800E47090 /* main.m in Sources */,
				256AC3DA0F4B6AC300CF3369 /* eriAppDelegate.mm in Sources */,
				F6B3AB4E1269CC2E009303FA /* font_mgr.cpp in Sources */,
				F6B3AB4F1269CC2E009303FA /* input_mgr.cpp in Sources */,
				F6B3AB501269CC2E009303FA /* math_helper.cpp in Sources */,
				F6B3AB511269CC2E009303FA /* particle_system.cpp in Sources */,
				F6B3AB521269CC2E009303FA /* render_data.cpp in Sources */,
				F6B3AB531269CC2E009303FA /* renderer_es1.cpp in Sources */,
				F6B3AB551269CC2E009303FA /* root.cpp in Sources */,
				F6B3AB561269CC2E009303FA /* scene_actor.cpp in Sources */,
				F6B3AB571269CC2E009303FA /* scene_mgr.cpp in Sources */,
				526219051EDEE1920027F72C /* texture_atlas_mgr.cpp in Sources */,
				F6B3AB581269CC2E009303FA /* texture_mgr.cpp in Sources */,
				F6B3AB681269CD0F009303FA /* demo_app.cpp in Sources */,
				F6B3AB8F1269D224009303FA /* texture_reader_freeimage.cpp in Sources */,
				F6327603126B520D005C23B6 /* platform_helper_apple.mm in Sources */,
				F612B1A5126B6374002C8152 /* gl_view.mm in Sources */,
				1B9DA957129681D100285E72 /* xml_helper.cpp in Sources */,
				F6AC86A81360EFB60067F913 /* sys_helper.cpp in Sources */,
				F6E5DB131363BDCD00D71F1A /* txt_actor.cpp in Sources */,
				F6CCF5EB15358F0B00EFD95F /* texture_reader_libpng.cpp in Sources */,
				F689F85A1619275800DC7B7C /* renderer_es2.cpp in Sources */,
				F69135F11622E4FB004B8EF6 /* shader_mgr.cpp in Sources */,
			);
			runOnlyForDeploymentPostprocessing = 0;
		};
/* End PBXSourcesBuildPhase section */

/* Begin PBXVariantGroup section */
		089C165CFE840E0CC02AAC07 /* InfoPlist.strings */ = {
			isa = PBXVariantGroup;
			children = (
				089C165DFE840E0CC02AAC07 /* English */,
			);
			name = InfoPlist.strings;
			sourceTree = "<group>";
		};
		1DDD58140DA1D0A300B32029 /* MainMenu.xib */ = {
			isa = PBXVariantGroup;
			children = (
				1DDD58150DA1D0A300B32029 /* English */,
			);
			name = MainMenu.xib;
			sourceTree = "<group>";
		};
/* End PBXVariantGroup section */

/* Begin XCBuildConfiguration section */
		C01FCF4B08A954540054247B /* Debug */ = {
			isa = XCBuildConfiguration;
			buildSettings = {
				ALWAYS_SEARCH_USER_PATHS = NO;
				COPY_PHASE_STRIP = NO;
				GCC_DYNAMIC_NO_PIC = NO;
				GCC_ENABLE_FIX_AND_CONTINUE = YES;
				GCC_MODEL_TUNING = G5;
				GCC_OPTIMIZATION_LEVEL = 0;
				GCC_PRECOMPILE_PREFIX_HEADER = YES;
				GCC_PREFIX_HEADER = eri_Prefix.pch;
				HEADER_SEARCH_PATHS = (
					../3rd/libpng,
					../3rd/FreeImage,
					../3rd/rapidxml,
					/usr/local/include/freetype2,
					/usr/local/include,
				);
				INFOPLIST_FILE = "eri-Info.plist";
				INSTALL_PATH = "$(HOME)/Applications";
				LIBRARY_SEARCH_PATHS = (
					"$(inherited)",
					/usr/local/lib,
					/usr/local/Cellar/freeimage/3.17.0_1/lib/,
				);
				OTHER_LDFLAGS = "-lfreetype";
				PRODUCT_NAME = eri;
				SDKROOT = macosx;
			};
			name = Debug;
		};
		C01FCF4C08A954540054247B /* Release */ = {
			isa = XCBuildConfiguration;
			buildSettings = {
				ALWAYS_SEARCH_USER_PATHS = NO;
				DEBUG_INFORMATION_FORMAT = "dwarf-with-dsym";
				GCC_MODEL_TUNING = G5;
				GCC_PRECOMPILE_PREFIX_HEADER = YES;
				GCC_PREFIX_HEADER = eri_Prefix.pch;
				HEADER_SEARCH_PATHS = (
					../3rd/libpng,
					../3rd/FreeImage,
					../3rd/rapidxml,
					/usr/local/include/freetype2,
					/usr/local/include,
				);
				INFOPLIST_FILE = "eri-Info.plist";
				INSTALL_PATH = "$(HOME)/Applications";
				LIBRARY_SEARCH_PATHS = (
					"$(inherited)",
					/usr/local/lib,
					/usr/local/Cellar/freeimage/3.17.0_1/lib/,
				);
				OTHER_LDFLAGS = "-lfreetype";
				PRODUCT_NAME = eri;
				SDKROOT = macosx;
			};
			name = Release;
		};
		C01FCF4F08A954540054247B /* Debug */ = {
			isa = XCBuildConfiguration;
			buildSettings = {
				ARCHS = "$(ARCHS_STANDARD_32_64_BIT)";
				GCC_C_LANGUAGE_STANDARD = gnu99;
				GCC_OPTIMIZATION_LEVEL = 0;
				GCC_WARN_ABOUT_RETURN_TYPE = YES;
				GCC_WARN_UNUSED_VARIABLE = YES;
				HEADER_SEARCH_PATHS = "";
				ONLY_ACTIVE_ARCH = YES;
				PREBINDING = NO;
				SDKROOT = macosx10.6;
			};
			name = Debug;
		};
		C01FCF5008A954540054247B /* Release */ = {
			isa = XCBuildConfiguration;
			buildSettings = {
				ARCHS = "$(ARCHS_STANDARD_32_64_BIT)";
				GCC_C_LANGUAGE_STANDARD = gnu99;
				GCC_WARN_ABOUT_RETURN_TYPE = YES;
				GCC_WARN_UNUSED_VARIABLE = YES;
				HEADER_SEARCH_PATHS = "";
				PREBINDING = NO;
				SDKROOT = macosx10.6;
			};
			name = Release;
		};
/* End XCBuildConfiguration section */

/* Begin XCConfigurationList section */
		C01FCF4A08A954540054247B /* Build configuration list for PBXNativeTarget "eri" */ = {
			isa = XCConfigurationList;
			buildConfigurations = (
				C01FCF4B08A954540054247B /* Debug */,
				C01FCF4C08A954540054247B /* Release */,
			);
			defaultConfigurationIsVisible = 0;
			defaultConfigurationName = Release;
		};
		C01FCF4E08A954540054247B /* Build configuration list for PBXProject "eri" */ = {
			isa = XCConfigurationList;
			buildConfigurations = (
				C01FCF4F08A954540054247B /* Debug */,
				C01FCF5008A954540054247B /* Release */,
			);
			defaultConfigurationIsVisible = 0;
			defaultConfigurationName = Release;
		};
/* End XCConfigurationList section */
	};
	rootObject = 29B97313FDCFA39411CA2CEA /* Project object */;
}
