// !$*UTF8*$!
{
	archiveVersion = 1;
	classes = {
	};
	objectVersion = 46;
	objects = {

/* Begin PBXBuildFile section */
		1B207ADD1277B02A006D3CDF /* collada_loader.cpp in Sources */ = {isa = PBXBuildFile; fileRef = 1B207AD71277B02A006D3CDF /* collada_loader.cpp */; };
		1B207ADE1277B02A006D3CDF /* mesh_actor.cpp in Sources */ = {isa = PBXBuildFile; fileRef = 1B207AD91277B02A006D3CDF /* mesh_actor.cpp */; };
		1B207ADF1277B02A006D3CDF /* xml_helper.cpp in Sources */ = {isa = PBXBuildFile; fileRef = 1B207ADB1277B02A006D3CDF /* xml_helper.cpp */; };
		1B956586126545FC00D123AF /* particle_system.cpp in Sources */ = {isa = PBXBuildFile; fileRef = 1B956584126545FC00D123AF /* particle_system.cpp */; };
		1B99015A12814F47008DE295 /* skeleton_actor.cpp in Sources */ = {isa = PBXBuildFile; fileRef = 1B99015912814F47008DE295 /* skeleton_actor.cpp */; };
		1BC745DD132A106900F14147 /* texture_reader_pvr.mm in Sources */ = {isa = PBXBuildFile; fileRef = 1BC745DC132A106900F14147 /* texture_reader_pvr.mm */; };
		1D3623260D0F684500981E51 /* eriAppDelegate.mm in Sources */ = {isa = PBXBuildFile; fileRef = 1D3623250D0F684500981E51 /* eriAppDelegate.mm */; };
		1D60589B0D05DD56006BFB54 /* main.m in Sources */ = {isa = PBXBuildFile; fileRef = 29B97316FDCFA39411CA2CEA /* main.m */; };
		1D60589F0D05DD5A006BFB54 /* Foundation.framework in Frameworks */ = {isa = PBXBuildFile; fileRef = 1D30AB110D05D00D00671497 /* Foundation.framework */; };
		1DF5F4E00D08C38300B7A737 /* UIKit.framework in Frameworks */ = {isa = PBXBuildFile; fileRef = 1DF5F4DF0D08C38300B7A737 /* UIKit.framework */; };
		288765FD0DF74451002DB57D /* CoreGraphics.framework in Frameworks */ = {isa = PBXBuildFile; fileRef = 288765FC0DF74451002DB57D /* CoreGraphics.framework */; };
		423386E81233C75D0077CD42 /* font_mgr.cpp in Sources */ = {isa = PBXBuildFile; fileRef = 423386C41233C75D0077CD42 /* font_mgr.cpp */; };
		423386E91233C75D0077CD42 /* input_mgr.cpp in Sources */ = {isa = PBXBuildFile; fileRef = 423386C61233C75D0077CD42 /* input_mgr.cpp */; };
		423386EA1233C75D0077CD42 /* eagl_view.mm in Sources */ = {isa = PBXBuildFile; fileRef = 423386CA1233C75D0077CD42 /* eagl_view.mm */; };
		423386EB1233C75D0077CD42 /* platform_helper_ios.mm in Sources */ = {isa = PBXBuildFile; fileRef = 423386CB1233C75D0077CD42 /* platform_helper_ios.mm */; };
		423386EC1233C75D0077CD42 /* render_context_ios.mm in Sources */ = {isa = PBXBuildFile; fileRef = 423386CD1233C75D0077CD42 /* render_context_ios.mm */; };
		423386ED1233C75D0077CD42 /* texture_reader_uikit.mm in Sources */ = {isa = PBXBuildFile; fileRef = 423386CF1233C75D0077CD42 /* texture_reader_uikit.mm */; };
		423386EE1233C75D0077CD42 /* math_helper.cpp in Sources */ = {isa = PBXBuildFile; fileRef = 423386D11233C75D0077CD42 /* math_helper.cpp */; };
		423386EF1233C75D0077CD42 /* render_data.cpp in Sources */ = {isa = PBXBuildFile; fileRef = 423386D61233C75D0077CD42 /* render_data.cpp */; };
		423386F01233C75D0077CD42 /* renderer_es1.cpp in Sources */ = {isa = PBXBuildFile; fileRef = 423386D91233C75D0077CD42 /* renderer_es1.cpp */; };
		423386F11233C75D0077CD42 /* renderer_es2.cpp in Sources */ = {isa = PBXBuildFile; fileRef = 423386DB1233C75D0077CD42 /* renderer_es2.cpp */; };
		423386F21233C75D0077CD42 /* root.cpp in Sources */ = {isa = PBXBuildFile; fileRef = 423386DD1233C75D0077CD42 /* root.cpp */; };
		423386F31233C75D0077CD42 /* scene_actor.cpp in Sources */ = {isa = PBXBuildFile; fileRef = 423386DF1233C75D0077CD42 /* scene_actor.cpp */; };
		423386F41233C75D0077CD42 /* scene_mgr.cpp in Sources */ = {isa = PBXBuildFile; fileRef = 423386E11233C75D0077CD42 /* scene_mgr.cpp */; };
		423386F51233C75D0077CD42 /* texture_mgr.cpp in Sources */ = {isa = PBXBuildFile; fileRef = 423386E31233C75D0077CD42 /* texture_mgr.cpp */; };
		4269B253111A6E2B00B05A81 /* media in Resources */ = {isa = PBXBuildFile; fileRef = 4269B247111A6E2B00B05A81 /* media */; };
		4269B258111A6E3200B05A81 /* shaders in Resources */ = {isa = PBXBuildFile; fileRef = 4269B254111A6E3200B05A81 /* shaders */; };
		42C5EF9810C134A40004232B /* QuartzCore.framework in Frameworks */ = {isa = PBXBuildFile; fileRef = 42C5EF9710C134A40004232B /* QuartzCore.framework */; };
		42C5F07510C148030004232B /* OpenGLES.framework in Frameworks */ = {isa = PBXBuildFile; fileRef = 42C5F07410C148030004232B /* OpenGLES.framework */; };
		42F60B651140D9D900CEA8FC /* demo_app.cpp in Sources */ = {isa = PBXBuildFile; fileRef = 42F60B641140D9D900CEA8FC /* demo_app.cpp */; };
		F612B190126B62EB002C8152 /* platform_helper_apple.mm in Sources */ = {isa = PBXBuildFile; fileRef = F612B18E126B62EB002C8152 /* platform_helper_apple.mm */; };
		F6579B87136415B60049EBDB /* shared_skeleton.cpp in Sources */ = {isa = PBXBuildFile; fileRef = F6579B81136415B60049EBDB /* shared_skeleton.cpp */; };
		F6579B88136415B60049EBDB /* sys_helper.cpp in Sources */ = {isa = PBXBuildFile; fileRef = F6579B83136415B60049EBDB /* sys_helper.cpp */; };
		F6579B89136415B60049EBDB /* txt_actor.cpp in Sources */ = {isa = PBXBuildFile; fileRef = F6579B85136415B60049EBDB /* txt_actor.cpp */; };
		F66D438C126DF88200199D22 /* libpng.a in Frameworks */ = {isa = PBXBuildFile; fileRef = F66D438B126DF88200199D22 /* libpng.a */; };
		F6738130126E15A30033BBC7 /* MainWindow.xib in Resources */ = {isa = PBXBuildFile; fileRef = F673812F126E15A30033BBC7 /* MainWindow.xib */; };
		F69135EB16227512004B8EF6 /* shader_mgr.cpp in Sources */ = {isa = PBXBuildFile; fileRef = F69135EA16227512004B8EF6 /* shader_mgr.cpp */; };
		F6B60A2E13642C1A00F36718 /* libfreetype_ios.a in Frameworks */ = {isa = PBXBuildFile; fileRef = F6B60A2D13642C1A00F36718 /* libfreetype_ios.a */; };
		F6D04216126DFE2C00FCA4ED /* libz.dylib in Frameworks */ = {isa = PBXBuildFile; fileRef = F6D04215126DFE2C00FCA4ED /* libz.dylib */; };
		F6E559E5126DF2FA00F8BE21 /* texture_reader_libpng.cpp in Sources */ = {isa = PBXBuildFile; fileRef = F6E559E3126DF2FA00F8BE21 /* texture_reader_libpng.cpp */; };
/* End PBXBuildFile section */

/* Begin PBXFileReference section */
		1B207AD71277B02A006D3CDF /* collada_loader.cpp */ = {isa = PBXFileReference; fileEncoding = 4; lastKnownFileType = sourcecode.cpp.cpp; name = collada_loader.cpp; path = ../../src/collada_loader.cpp; sourceTree = SOURCE_ROOT; };
		1B207AD81277B02A006D3CDF /* collada_loader.h */ = {isa = PBXFileReference; fileEncoding = 4; lastKnownFileType = sourcecode.c.h; name = collada_loader.h; path = ../../src/collada_loader.h; sourceTree = SOURCE_ROOT; };
		1B207AD91277B02A006D3CDF /* mesh_actor.cpp */ = {isa = PBXFileReference; fileEncoding = 4; lastKnownFileType = sourcecode.cpp.cpp; name = mesh_actor.cpp; path = ../../src/mesh_actor.cpp; sourceTree = SOURCE_ROOT; };
		1B207ADA1277B02A006D3CDF /* mesh_actor.h */ = {isa = PBXFileReference; fileEncoding = 4; lastKnownFileType = sourcecode.c.h; name = mesh_actor.h; path = ../../src/mesh_actor.h; sourceTree = SOURCE_ROOT; };
		1B207ADB1277B02A006D3CDF /* xml_helper.cpp */ = {isa = PBXFileReference; fileEncoding = 4; lastKnownFileType = sourcecode.cpp.cpp; name = xml_helper.cpp; path = ../../src/xml_helper.cpp; sourceTree = SOURCE_ROOT; };
		1B207ADC1277B02A006D3CDF /* xml_helper.h */ = {isa = PBXFileReference; fileEncoding = 4; lastKnownFileType = sourcecode.c.h; name = xml_helper.h; path = ../../src/xml_helper.h; sourceTree = SOURCE_ROOT; };
		1B207BC31277BDAC006D3CDF /* mesh_loader.h */ = {isa = PBXFileReference; fileEncoding = 4; lastKnownFileType = sourcecode.c.h; name = mesh_loader.h; path = ../../src/mesh_loader.h; sourceTree = SOURCE_ROOT; };
		1B956584126545FC00D123AF /* particle_system.cpp */ = {isa = PBXFileReference; fileEncoding = 4; lastKnownFileType = sourcecode.cpp.cpp; name = particle_system.cpp; path = ../../src/particle_system.cpp; sourceTree = SOURCE_ROOT; };
		1B956585126545FC00D123AF /* particle_system.h */ = {isa = PBXFileReference; fileEncoding = 4; lastKnownFileType = sourcecode.c.h; name = particle_system.h; path = ../../src/particle_system.h; sourceTree = SOURCE_ROOT; };
		1B99015812814F47008DE295 /* skeleton_actor.h */ = {isa = PBXFileReference; fileEncoding = 4; lastKnownFileType = sourcecode.c.h; name = skeleton_actor.h; path = ../../src/skeleton_actor.h; sourceTree = SOURCE_ROOT; };
		1B99015912814F47008DE295 /* skeleton_actor.cpp */ = {isa = PBXFileReference; fileEncoding = 4; lastKnownFileType = sourcecode.cpp.cpp; name = skeleton_actor.cpp; path = ../../src/skeleton_actor.cpp; sourceTree = SOURCE_ROOT; };
		1BC745DB132A106900F14147 /* texture_reader_pvr.h */ = {isa = PBXFileReference; fileEncoding = 4; lastKnownFileType = sourcecode.c.h; path = texture_reader_pvr.h; sourceTree = "<group>"; };
		1BC745DC132A106900F14147 /* texture_reader_pvr.mm */ = {isa = PBXFileReference; fileEncoding = 4; lastKnownFileType = sourcecode.cpp.objcpp; path = texture_reader_pvr.mm; sourceTree = "<group>"; };
		1D30AB110D05D00D00671497 /* Foundation.framework */ = {isa = PBXFileReference; lastKnownFileType = wrapper.framework; name = Foundation.framework; path = System/Library/Frameworks/Foundation.framework; sourceTree = SDKROOT; };
		1D3623240D0F684500981E51 /* eriAppDelegate.h */ = {isa = PBXFileReference; fileEncoding = 4; lastKnownFileType = sourcecode.c.h; path = eriAppDelegate.h; sourceTree = "<group>"; };
		1D3623250D0F684500981E51 /* eriAppDelegate.mm */ = {isa = PBXFileReference; fileEncoding = 4; lastKnownFileType = sourcecode.cpp.objcpp; path = eriAppDelegate.mm; sourceTree = "<group>"; };
		1D6058910D05DD3D006BFB54 /* eri.app */ = {isa = PBXFileReference; explicitFileType = wrapper.application; includeInIndex = 0; path = eri.app; sourceTree = BUILT_PRODUCTS_DIR; };
		1DF5F4DF0D08C38300B7A737 /* UIKit.framework */ = {isa = PBXFileReference; lastKnownFileType = wrapper.framework; name = UIKit.framework; path = System/Library/Frameworks/UIKit.framework; sourceTree = SDKROOT; };
		288765FC0DF74451002DB57D /* CoreGraphics.framework */ = {isa = PBXFileReference; lastKnownFileType = wrapper.framework; name = CoreGraphics.framework; path = System/Library/Frameworks/CoreGraphics.framework; sourceTree = SDKROOT; };
		29B97316FDCFA39411CA2CEA /* main.m */ = {isa = PBXFileReference; fileEncoding = 4; lastKnownFileType = sourcecode.c.objc; path = main.m; sourceTree = "<group>"; };
		32CA4F630368D1EE00C91783 /* eri_Prefix.pch */ = {isa = PBXFileReference; fileEncoding = 4; lastKnownFileType = sourcecode.c.h; path = eri_Prefix.pch; sourceTree = "<group>"; };
		423386C41233C75D0077CD42 /* font_mgr.cpp */ = {isa = PBXFileReference; fileEncoding = 4; lastKnownFileType = sourcecode.cpp.cpp; name = font_mgr.cpp; path = ../../src/font_mgr.cpp; sourceTree = SOURCE_ROOT; };
		423386C51233C75D0077CD42 /* font_mgr.h */ = {isa = PBXFileReference; fileEncoding = 4; lastKnownFileType = sourcecode.c.h; name = font_mgr.h; path = ../../src/font_mgr.h; sourceTree = SOURCE_ROOT; };
		423386C61233C75D0077CD42 /* input_mgr.cpp */ = {isa = PBXFileReference; fileEncoding = 4; lastKnownFileType = sourcecode.cpp.cpp; name = input_mgr.cpp; path = ../../src/input_mgr.cpp; sourceTree = SOURCE_ROOT; };
		423386C71233C75D0077CD42 /* input_mgr.h */ = {isa = PBXFileReference; fileEncoding = 4; lastKnownFileType = sourcecode.c.h; name = input_mgr.h; path = ../../src/input_mgr.h; sourceTree = SOURCE_ROOT; };
		423386C91233C75D0077CD42 /* eagl_view.h */ = {isa = PBXFileReference; fileEncoding = 4; lastKnownFileType = sourcecode.c.h; path = eagl_view.h; sourceTree = "<group>"; };
		423386CA1233C75D0077CD42 /* eagl_view.mm */ = {isa = PBXFileReference; fileEncoding = 4; lastKnownFileType = sourcecode.cpp.objcpp; path = eagl_view.mm; sourceTree = "<group>"; };
		423386CB1233C75D0077CD42 /* platform_helper_ios.mm */ = {isa = PBXFileReference; fileEncoding = 4; lastKnownFileType = sourcecode.cpp.objcpp; path = platform_helper_ios.mm; sourceTree = "<group>"; };
		423386CC1233C75D0077CD42 /* render_context_ios.h */ = {isa = PBXFileReference; fileEncoding = 4; lastKnownFileType = sourcecode.c.h; path = render_context_ios.h; sourceTree = "<group>"; };
		423386CD1233C75D0077CD42 /* render_context_ios.mm */ = {isa = PBXFileReference; fileEncoding = 4; lastKnownFileType = sourcecode.cpp.objcpp; path = render_context_ios.mm; sourceTree = "<group>"; };
		423386CE1233C75D0077CD42 /* texture_reader_uikit.h */ = {isa = PBXFileReference; fileEncoding = 4; lastKnownFileType = sourcecode.c.h; path = texture_reader_uikit.h; sourceTree = "<group>"; };
		423386CF1233C75D0077CD42 /* texture_reader_uikit.mm */ = {isa = PBXFileReference; fileEncoding = 4; lastKnownFileType = sourcecode.cpp.objcpp; path = texture_reader_uikit.mm; sourceTree = "<group>"; };
		423386D01233C75D0077CD42 /* material_data.h */ = {isa = PBXFileReference; fileEncoding = 4; lastKnownFileType = sourcecode.c.h; name = material_data.h; path = ../../src/material_data.h; sourceTree = SOURCE_ROOT; };
		423386D11233C75D0077CD42 /* math_helper.cpp */ = {isa = PBXFileReference; fileEncoding = 4; lastKnownFileType = sourcecode.cpp.cpp; name = math_helper.cpp; path = ../../src/math_helper.cpp; sourceTree = SOURCE_ROOT; };
		423386D21233C75D0077CD42 /* math_helper.h */ = {isa = PBXFileReference; fileEncoding = 4; lastKnownFileType = sourcecode.c.h; name = math_helper.h; path = ../../src/math_helper.h; sourceTree = SOURCE_ROOT; };
		423386D31233C75D0077CD42 /* pch.h */ = {isa = PBXFileReference; fileEncoding = 4; lastKnownFileType = sourcecode.c.h; name = pch.h; path = ../../src/pch.h; sourceTree = SOURCE_ROOT; };
		423386D41233C75D0077CD42 /* platform_helper.h */ = {isa = PBXFileReference; fileEncoding = 4; lastKnownFileType = sourcecode.c.h; name = platform_helper.h; path = ../../src/platform_helper.h; sourceTree = SOURCE_ROOT; };
		423386D51233C75D0077CD42 /* render_context.h */ = {isa = PBXFileReference; fileEncoding = 4; lastKnownFileType = sourcecode.c.h; name = render_context.h; path = ../../src/render_context.h; sourceTree = SOURCE_ROOT; };
		423386D61233C75D0077CD42 /* render_data.cpp */ = {isa = PBXFileReference; fileEncoding = 4; lastKnownFileType = sourcecode.cpp.cpp; name = render_data.cpp; path = ../../src/render_data.cpp; sourceTree = SOURCE_ROOT; };
		423386D71233C75D0077CD42 /* render_data.h */ = {isa = PBXFileReference; fileEncoding = 4; lastKnownFileType = sourcecode.c.h; name = render_data.h; path = ../../src/render_data.h; sourceTree = SOURCE_ROOT; };
		423386D81233C75D0077CD42 /* renderer.h */ = {isa = PBXFileReference; fileEncoding = 4; lastKnownFileType = sourcecode.c.h; name = renderer.h; path = ../../src/renderer.h; sourceTree = SOURCE_ROOT; };
		423386D91233C75D0077CD42 /* renderer_es1.cpp */ = {isa = PBXFileReference; fileEncoding = 4; lastKnownFileType = sourcecode.cpp.cpp; name = renderer_es1.cpp; path = ../../src/renderer_es1.cpp; sourceTree = SOURCE_ROOT; };
		423386DA1233C75D0077CD42 /* renderer_es1.h */ = {isa = PBXFileReference; fileEncoding = 4; lastKnownFileType = sourcecode.c.h; name = renderer_es1.h; path = ../../src/renderer_es1.h; sourceTree = SOURCE_ROOT; };
		423386DB1233C75D0077CD42 /* renderer_es2.cpp */ = {isa = PBXFileReference; fileEncoding = 4; lastKnownFileType = sourcecode.cpp.cpp; name = renderer_es2.cpp; path = ../../src/renderer_es2.cpp; sourceTree = SOURCE_ROOT; };
		423386DC1233C75D0077CD42 /* renderer_es2.h */ = {isa = PBXFileReference; fileEncoding = 4; lastKnownFileType = sourcecode.c.h; name = renderer_es2.h; path = ../../src/renderer_es2.h; sourceTree = SOURCE_ROOT; };
		423386DD1233C75D0077CD42 /* root.cpp */ = {isa = PBXFileReference; fileEncoding = 4; lastKnownFileType = sourcecode.cpp.cpp; name = root.cpp; path = ../../src/root.cpp; sourceTree = SOURCE_ROOT; };
		423386DE1233C75D0077CD42 /* root.h */ = {isa = PBXFileReference; fileEncoding = 4; lastKnownFileType = sourcecode.c.h; name = root.h; path = ../../src/root.h; sourceTree = SOURCE_ROOT; };
		423386DF1233C75D0077CD42 /* scene_actor.cpp */ = {isa = PBXFileReference; fileEncoding = 4; lastKnownFileType = sourcecode.cpp.cpp; name = scene_actor.cpp; path = ../../src/scene_actor.cpp; sourceTree = SOURCE_ROOT; };
		423386E01233C75D0077CD42 /* scene_actor.h */ = {isa = PBXFileReference; fileEncoding = 4; lastKnownFileType = sourcecode.c.h; name = scene_actor.h; path = ../../src/scene_actor.h; sourceTree = SOURCE_ROOT; };
		423386E11233C75D0077CD42 /* scene_mgr.cpp */ = {isa = PBXFileReference; fileEncoding = 4; lastKnownFileType = sourcecode.cpp.cpp; name = scene_mgr.cpp; path = ../../src/scene_mgr.cpp; sourceTree = SOURCE_ROOT; };
		423386E21233C75D0077CD42 /* scene_mgr.h */ = {isa = PBXFileReference; fileEncoding = 4; lastKnownFileType = sourcecode.c.h; name = scene_mgr.h; path = ../../src/scene_mgr.h; sourceTree = SOURCE_ROOT; };
		423386E31233C75D0077CD42 /* texture_mgr.cpp */ = {isa = PBXFileReference; fileEncoding = 4; lastKnownFileType = sourcecode.cpp.cpp; name = texture_mgr.cpp; path = ../../src/texture_mgr.cpp; sourceTree = SOURCE_ROOT; };
		423386E41233C75D0077CD42 /* texture_mgr.h */ = {isa = PBXFileReference; fileEncoding = 4; lastKnownFileType = sourcecode.c.h; name = texture_mgr.h; path = ../../src/texture_mgr.h; sourceTree = SOURCE_ROOT; };
		423386E51233C75D0077CD42 /* texture_reader.h */ = {isa = PBXFileReference; fileEncoding = 4; lastKnownFileType = sourcecode.c.h; name = texture_reader.h; path = ../../src/texture_reader.h; sourceTree = SOURCE_ROOT; };
		4269B247111A6E2B00B05A81 /* media */ = {isa = PBXFileReference; lastKnownFileType = folder; name = media; path = ../media; sourceTree = SOURCE_ROOT; };
		4269B254111A6E3200B05A81 /* shaders */ = {isa = PBXFileReference; lastKnownFileType = folder; name = shaders; path = ../shaders; sourceTree = SOURCE_ROOT; };
		42C5EF9710C134A40004232B /* QuartzCore.framework */ = {isa = PBXFileReference; lastKnownFileType = wrapper.framework; name = QuartzCore.framework; path = System/Library/Frameworks/QuartzCore.framework; sourceTree = SDKROOT; };
		42C5F07410C148030004232B /* OpenGLES.framework */ = {isa = PBXFileReference; lastKnownFileType = wrapper.framework; name = OpenGLES.framework; path = System/Library/Frameworks/OpenGLES.framework; sourceTree = SDKROOT; };
		42F60B631140D9D900CEA8FC /* demo_app.h */ = {isa = PBXFileReference; fileEncoding = 4; lastKnownFileType = sourcecode.c.h; name = demo_app.h; path = ../../src/demo_app.h; sourceTree = "<group>"; };
		42F60B641140D9D900CEA8FC /* demo_app.cpp */ = {isa = PBXFileReference; fileEncoding = 4; lastKnownFileType = sourcecode.cpp.cpp; name = demo_app.cpp; path = ../../src/demo_app.cpp; sourceTree = "<group>"; };
		8D1107310486CEB800E47090 /* eri-Info.plist */ = {isa = PBXFileReference; fileEncoding = 4; lastKnownFileType = text.plist.xml; path = "eri-Info.plist"; plistStructureDefinitionIdentifier = "com.apple.xcode.plist.structure-definition.iphone.info-plist"; sourceTree = "<group>"; };
		F612B18E126B62EB002C8152 /* platform_helper_apple.mm */ = {isa = PBXFileReference; fileEncoding = 4; lastKnownFileType = sourcecode.cpp.objcpp; path = platform_helper_apple.mm; sourceTree = "<group>"; };
		F6579B80136415B60049EBDB /* observer.h */ = {isa = PBXFileReference; fileEncoding = 4; lastKnownFileType = sourcecode.c.h; name = observer.h; path = ../../../src/observer.h; sourceTree = "<group>"; };
		F6579B81136415B60049EBDB /* shared_skeleton.cpp */ = {isa = PBXFileReference; fileEncoding = 4; lastKnownFileType = sourcecode.cpp.cpp; name = shared_skeleton.cpp; path = ../../../src/shared_skeleton.cpp; sourceTree = "<group>"; };
		F6579B82136415B60049EBDB /* shared_skeleton.h */ = {isa = PBXFileReference; fileEncoding = 4; lastKnownFileType = sourcecode.c.h; name = shared_skeleton.h; path = ../../../src/shared_skeleton.h; sourceTree = "<group>"; };
		F6579B83136415B60049EBDB /* sys_helper.cpp */ = {isa = PBXFileReference; fileEncoding = 4; lastKnownFileType = sourcecode.cpp.cpp; name = sys_helper.cpp; path = ../../../src/sys_helper.cpp; sourceTree = "<group>"; };
		F6579B84136415B60049EBDB /* sys_helper.h */ = {isa = PBXFileReference; fileEncoding = 4; lastKnownFileType = sourcecode.c.h; name = sys_helper.h; path = ../../../src/sys_helper.h; sourceTree = "<group>"; };
		F6579B85136415B60049EBDB /* txt_actor.cpp */ = {isa = PBXFileReference; fileEncoding = 4; lastKnownFileType = sourcecode.cpp.cpp; name = txt_actor.cpp; path = ../../../src/txt_actor.cpp; sourceTree = "<group>"; };
		F6579B86136415B60049EBDB /* txt_actor.h */ = {isa = PBXFileReference; fileEncoding = 4; lastKnownFileType = sourcecode.c.h; name = txt_actor.h; path = ../../../src/txt_actor.h; sourceTree = "<group>"; };
		F66D438B126DF88200199D22 /* libpng.a */ = {isa = PBXFileReference; lastKnownFileType = archive.ar; name = libpng.a; path = ../../../3rd/libpng/libpng.a; sourceTree = SOURCE_ROOT; };
		F673812F126E15A30033BBC7 /* MainWindow.xib */ = {isa = PBXFileReference; lastKnownFileType = file.xib; path = MainWindow.xib; sourceTree = "<group>"; };
		F69135E9162274DA004B8EF6 /* shader_mgr.h */ = {isa = PBXFileReference; fileEncoding = 4; lastKnownFileType = sourcecode.c.h; name = shader_mgr.h; path = ../../../src/shader_mgr.h; sourceTree = "<group>"; };
		F69135EA16227512004B8EF6 /* shader_mgr.cpp */ = {isa = PBXFileReference; fileEncoding = 4; lastKnownFileType = sourcecode.cpp.cpp; name = shader_mgr.cpp; path = ../../../src/shader_mgr.cpp; sourceTree = "<group>"; };
		F6B60A2D13642C1A00F36718 /* libfreetype_ios.a */ = {isa = PBXFileReference; lastKnownFileType = archive.ar; name = libfreetype_ios.a; path = ../../../../3rd/freetype/libfreetype_ios.a; sourceTree = "<group>"; };
		F6D04215126DFE2C00FCA4ED /* libz.dylib */ = {isa = PBXFileReference; lastKnownFileType = "compiled.mach-o.dylib"; name = libz.dylib; path = usr/lib/libz.dylib; sourceTree = SDKROOT; };
		F6E559E3126DF2FA00F8BE21 /* texture_reader_libpng.cpp */ = {isa = PBXFileReference; fileEncoding = 4; lastKnownFileType = sourcecode.cpp.cpp; name = texture_reader_libpng.cpp; path = ../../src/texture_reader_libpng.cpp; sourceTree = SOURCE_ROOT; };
		F6E559E4126DF2FA00F8BE21 /* texture_reader_libpng.h */ = {isa = PBXFileReference; fileEncoding = 4; lastKnownFileType = sourcecode.c.h; name = texture_reader_libpng.h; path = ../../src/texture_reader_libpng.h; sourceTree = SOURCE_ROOT; };
/* End PBXFileReference section */

/* Begin PBXFrameworksBuildPhase section */
		1D60588F0D05DD3D006BFB54 /* Frameworks */ = {
			isa = PBXFrameworksBuildPhase;
			buildActionMask = 2147483647;
			files = (
				1D60589F0D05DD5A006BFB54 /* Foundation.framework in Frameworks */,
				1DF5F4E00D08C38300B7A737 /* UIKit.framework in Frameworks */,
				288765FD0DF74451002DB57D /* CoreGraphics.framework in Frameworks */,
				42C5EF9810C134A40004232B /* QuartzCore.framework in Frameworks */,
				42C5F07510C148030004232B /* OpenGLES.framework in Frameworks */,
				F6D04216126DFE2C00FCA4ED /* libz.dylib in Frameworks */,
				F66D438C126DF88200199D22 /* libpng.a in Frameworks */,
				F6B60A2E13642C1A00F36718 /* libfreetype_ios.a in Frameworks */,
			);
			runOnlyForDeploymentPostprocessing = 0;
		};
/* End PBXFrameworksBuildPhase section */

/* Begin PBXGroup section */
		080E96DDFE201D6D7F000001 /* Classes */ = {
			isa = PBXGroup;
			children = (
				1D3623240D0F684500981E51 /* eriAppDelegate.h */,
				1D3623250D0F684500981E51 /* eriAppDelegate.mm */,
				42F60B631140D9D900CEA8FC /* demo_app.h */,
				42F60B641140D9D900CEA8FC /* demo_app.cpp */,
			);
			path = Classes;
			sourceTree = "<group>";
		};
		19C28FACFE9D520D11CA2CBB /* Products */ = {
			isa = PBXGroup;
			children = (
				1D6058910D05DD3D006BFB54 /* eri.app */,
			);
			name = Products;
			sourceTree = "<group>";
		};
		29B97314FDCFA39411CA2CEA /* CustomTemplate */ = {
			isa = PBXGroup;
			children = (
				42C5ECD910C12C160004232B /* ERI */,
				080E96DDFE201D6D7F000001 /* Classes */,
				29B97315FDCFA39411CA2CEA /* Other Sources */,
				29B97317FDCFA39411CA2CEA /* Resources */,
				29B97323FDCFA39411CA2CEA /* Frameworks */,
				19C28FACFE9D520D11CA2CBB /* Products */,
			);
			indentWidth = 4;
			name = CustomTemplate;
			sourceTree = "<group>";
			tabWidth = 4;
			usesTabs = 1;
		};
		29B97315FDCFA39411CA2CEA /* Other Sources */ = {
			isa = PBXGroup;
			children = (
				32CA4F630368D1EE00C91783 /* eri_Prefix.pch */,
				29B97316FDCFA39411CA2CEA /* main.m */,
			);
			name = "Other Sources";
			sourceTree = "<group>";
		};
		29B97317FDCFA39411CA2CEA /* Resources */ = {
			isa = PBXGroup;
			children = (
				4269B254111A6E3200B05A81 /* shaders */,
				4269B247111A6E2B00B05A81 /* media */,
				8D1107310486CEB800E47090 /* eri-Info.plist */,
				F673812F126E15A30033BBC7 /* MainWindow.xib */,
			);
			name = Resources;
			sourceTree = "<group>";
		};
		29B97323FDCFA39411CA2CEA /* Frameworks */ = {
			isa = PBXGroup;
			children = (
				42C5F07410C148030004232B /* OpenGLES.framework */,
				42C5EF9710C134A40004232B /* QuartzCore.framework */,
				1DF5F4DF0D08C38300B7A737 /* UIKit.framework */,
				1D30AB110D05D00D00671497 /* Foundation.framework */,
				288765FC0DF74451002DB57D /* CoreGraphics.framework */,
				F6D04215126DFE2C00FCA4ED /* libz.dylib */,
				F66D438B126DF88200199D22 /* libpng.a */,
				F6B60A2D13642C1A00F36718 /* libfreetype_ios.a */,
			);
			name = Frameworks;
			sourceTree = "<group>";
		};
		423386C81233C75D0077CD42 /* ios */ = {
			isa = PBXGroup;
			children = (
				423386C91233C75D0077CD42 /* eagl_view.h */,
				423386CA1233C75D0077CD42 /* eagl_view.mm */,
				423386CB1233C75D0077CD42 /* platform_helper_ios.mm */,
				423386CC1233C75D0077CD42 /* render_context_ios.h */,
				423386CD1233C75D0077CD42 /* render_context_ios.mm */,
				423386CE1233C75D0077CD42 /* texture_reader_uikit.h */,
				423386CF1233C75D0077CD42 /* texture_reader_uikit.mm */,
				1BC745DB132A106900F14147 /* texture_reader_pvr.h */,
				1BC745DC132A106900F14147 /* texture_reader_pvr.mm */,
			);
			name = ios;
			path = ../../src/ios;
			sourceTree = SOURCE_ROOT;
		};
		42C5ECD910C12C160004232B /* ERI */ = {
			isa = PBXGroup;
			children = (
				F612B18B126B62EB002C8152 /* apple */,
				423386C81233C75D0077CD42 /* ios */,
				423386D31233C75D0077CD42 /* pch.h */,
				F6579B80136415B60049EBDB /* observer.h */,
				423386D11233C75D0077CD42 /* math_helper.cpp */,
				423386D21233C75D0077CD42 /* math_helper.h */,
				F6579B83136415B60049EBDB /* sys_helper.cpp */,
				F6579B84136415B60049EBDB /* sys_helper.h */,
				1B207ADB1277B02A006D3CDF /* xml_helper.cpp */,
				1B207ADC1277B02A006D3CDF /* xml_helper.h */,
				423386D41233C75D0077CD42 /* platform_helper.h */,
				423386DD1233C75D0077CD42 /* root.cpp */,
				423386DE1233C75D0077CD42 /* root.h */,
				423386C41233C75D0077CD42 /* font_mgr.cpp */,
				423386C51233C75D0077CD42 /* font_mgr.h */,
				423386C61233C75D0077CD42 /* input_mgr.cpp */,
				423386C71233C75D0077CD42 /* input_mgr.h */,
				423386D01233C75D0077CD42 /* material_data.h */,
				423386D51233C75D0077CD42 /* render_context.h */,
				423386D61233C75D0077CD42 /* render_data.cpp */,
				423386D71233C75D0077CD42 /* render_data.h */,
				423386D81233C75D0077CD42 /* renderer.h */,
				423386D91233C75D0077CD42 /* renderer_es1.cpp */,
				423386DA1233C75D0077CD42 /* renderer_es1.h */,
				423386DB1233C75D0077CD42 /* renderer_es2.cpp */,
				423386DC1233C75D0077CD42 /* renderer_es2.h */,
				423386E11233C75D0077CD42 /* scene_mgr.cpp */,
				423386E21233C75D0077CD42 /* scene_mgr.h */,
				423386DF1233C75D0077CD42 /* scene_actor.cpp */,
				423386E01233C75D0077CD42 /* scene_actor.h */,
				F6579B85136415B60049EBDB /* txt_actor.cpp */,
				F6579B86136415B60049EBDB /* txt_actor.h */,
				1B207BC31277BDAC006D3CDF /* mesh_loader.h */,
				1B207AD71277B02A006D3CDF /* collada_loader.cpp */,
				1B207AD81277B02A006D3CDF /* collada_loader.h */,
				1B207AD91277B02A006D3CDF /* mesh_actor.cpp */,
				1B207ADA1277B02A006D3CDF /* mesh_actor.h */,
				1B99015812814F47008DE295 /* skeleton_actor.h */,
				1B99015912814F47008DE295 /* skeleton_actor.cpp */,
				F6579B81136415B60049EBDB /* shared_skeleton.cpp */,
				F6579B82136415B60049EBDB /* shared_skeleton.h */,
				1B956584126545FC00D123AF /* particle_system.cpp */,
				1B956585126545FC00D123AF /* particle_system.h */,
				423386E31233C75D0077CD42 /* texture_mgr.cpp */,
				423386E41233C75D0077CD42 /* texture_mgr.h */,
				423386E51233C75D0077CD42 /* texture_reader.h */,
				F6E559E3126DF2FA00F8BE21 /* texture_reader_libpng.cpp */,
				F6E559E4126DF2FA00F8BE21 /* texture_reader_libpng.h */,
				F69135EA16227512004B8EF6 /* shader_mgr.cpp */,
				F69135E9162274DA004B8EF6 /* shader_mgr.h */,
			);
			name = ERI;
			path = Classes;
			sourceTree = "<group>";
		};
		F612B18B126B62EB002C8152 /* apple */ = {
			isa = PBXGroup;
			children = (
				F612B18E126B62EB002C8152 /* platform_helper_apple.mm */,
			);
			name = apple;
			path = ../../src/apple;
			sourceTree = SOURCE_ROOT;
		};
/* End PBXGroup section */

/* Begin PBXNativeTarget section */
		1D6058900D05DD3D006BFB54 /* eri */ = {
			isa = PBXNativeTarget;
			buildConfigurationList = 1D6058960D05DD3E006BFB54 /* Build configuration list for PBXNativeTarget "eri" */;
			buildPhases = (
				1D60588D0D05DD3D006BFB54 /* Resources */,
				1D60588E0D05DD3D006BFB54 /* Sources */,
				1D60588F0D05DD3D006BFB54 /* Frameworks */,
			);
			buildRules = (
			);
			dependencies = (
			);
			name = eri;
			productName = eri;
			productReference = 1D6058910D05DD3D006BFB54 /* eri.app */;
			productType = "com.apple.product-type.application";
		};
/* End PBXNativeTarget section */

/* Begin PBXProject section */
		29B97313FDCFA39411CA2CEA /* Project object */ = {
			isa = PBXProject;
			attributes = {
				LastUpgradeCheck = 0420;
			};
			buildConfigurationList = C01FCF4E08A954540054247B /* Build configuration list for PBXProject "eri" */;
			compatibilityVersion = "Xcode 3.2";
			developmentRegion = English;
			hasScannedForEncodings = 1;
			knownRegions = (
				English,
				Japanese,
				French,
				German,
			);
			mainGroup = 29B97314FDCFA39411CA2CEA /* CustomTemplate */;
			projectDirPath = "";
			projectRoot = "";
			targets = (
				1D6058900D05DD3D006BFB54 /* eri */,
			);
		};
/* End PBXProject section */

/* Begin PBXResourcesBuildPhase section */
		1D60588D0D05DD3D006BFB54 /* Resources */ = {
			isa = PBXResourcesBuildPhase;
			buildActionMask = 2147483647;
			files = (
				4269B253111A6E2B00B05A81 /* media in Resources */,
				4269B258111A6E3200B05A81 /* shaders in Resources */,
				F6738130126E15A30033BBC7 /* MainWindow.xib in Resources */,
			);
			runOnlyForDeploymentPostprocessing = 0;
		};
/* End PBXResourcesBuildPhase section */

/* Begin PBXSourcesBuildPhase section */
		1D60588E0D05DD3D006BFB54 /* Sources */ = {
			isa = PBXSourcesBuildPhase;
			buildActionMask = 2147483647;
			files = (
				1D60589B0D05DD56006BFB54 /* main.m in Sources */,
				1D3623260D0F684500981E51 /* eriAppDelegate.mm in Sources */,
				42F60B651140D9D900CEA8FC /* demo_app.cpp in Sources */,
				423386E81233C75D0077CD42 /* font_mgr.cpp in Sources */,
				423386E91233C75D0077CD42 /* input_mgr.cpp in Sources */,
				423386EA1233C75D0077CD42 /* eagl_view.mm in Sources */,
				423386EB1233C75D0077CD42 /* platform_helper_ios.mm in Sources */,
				423386EC1233C75D0077CD42 /* render_context_ios.mm in Sources */,
				423386ED1233C75D0077CD42 /* texture_reader_uikit.mm in Sources */,
				423386EE1233C75D0077CD42 /* math_helper.cpp in Sources */,
				423386EF1233C75D0077CD42 /* render_data.cpp in Sources */,
				423386F01233C75D0077CD42 /* renderer_es1.cpp in Sources */,
				423386F11233C75D0077CD42 /* renderer_es2.cpp in Sources */,
				423386F21233C75D0077CD42 /* root.cpp in Sources */,
				423386F31233C75D0077CD42 /* scene_actor.cpp in Sources */,
				423386F41233C75D0077CD42 /* scene_mgr.cpp in Sources */,
				423386F51233C75D0077CD42 /* texture_mgr.cpp in Sources */,
				1B956586126545FC00D123AF /* particle_system.cpp in Sources */,
				F612B190126B62EB002C8152 /* platform_helper_apple.mm in Sources */,
				F6E559E5126DF2FA00F8BE21 /* texture_reader_libpng.cpp in Sources */,
				1B207ADD1277B02A006D3CDF /* collada_loader.cpp in Sources */,
				1B207ADE1277B02A006D3CDF /* mesh_actor.cpp in Sources */,
				1B207ADF1277B02A006D3CDF /* xml_helper.cpp in Sources */,
				1B99015A12814F47008DE295 /* skeleton_actor.cpp in Sources */,
				1BC745DD132A106900F14147 /* texture_reader_pvr.mm in Sources */,
				F6579B87136415B60049EBDB /* shared_skeleton.cpp in Sources */,
				F6579B88136415B60049EBDB /* sys_helper.cpp in Sources */,
				F6579B89136415B60049EBDB /* txt_actor.cpp in Sources */,
				F69135EB16227512004B8EF6 /* shader_mgr.cpp in Sources */,
			);
			runOnlyForDeploymentPostprocessing = 0;
		};
/* End PBXSourcesBuildPhase section */

/* Begin XCBuildConfiguration section */
		1D6058940D05DD3E006BFB54 /* Debug */ = {
			isa = XCBuildConfiguration;
			buildSettings = {
				ALWAYS_SEARCH_USER_PATHS = NO;
				"CODE_SIGN_IDENTITY[sdk=iphoneos*]" = "iPhone Developer";
				COPY_PHASE_STRIP = NO;
				GCC_DYNAMIC_NO_PIC = NO;
				GCC_OPTIMIZATION_LEVEL = 0;
				GCC_PRECOMPILE_PREFIX_HEADER = YES;
				GCC_PREFIX_HEADER = eri_Prefix.pch;
				GCC_THUMB_SUPPORT = NO;
				HEADER_SEARCH_PATHS = (
					../3rd/libpng,
					../3rd/freetype,
					../3rd/rapidxml,
				);
				INFOPLIST_FILE = "eri-Info.plist";
				LIBRARY_SEARCH_PATHS = (
					"$(inherited)",
					../3rd/libpng,
					../3rd/freetype,
				);
				PRODUCT_NAME = eri;
				"PROVISIONING_PROFILE[sdk=iphoneos*]" = "";
			};
			name = Debug;
		};
		1D6058950D05DD3E006BFB54 /* Release */ = {
			isa = XCBuildConfiguration;
			buildSettings = {
				ALWAYS_SEARCH_USER_PATHS = NO;
				"CODE_SIGN_IDENTITY[sdk=iphoneos*]" = "iPhone Developer";
				COPY_PHASE_STRIP = YES;
				GCC_PRECOMPILE_PREFIX_HEADER = YES;
				GCC_PREFIX_HEADER = eri_Prefix.pch;
				GCC_THUMB_SUPPORT = NO;
				HEADER_SEARCH_PATHS = (
					../3rd/libpng,
					../3rd/freetype,
					../3rd/rapidxml,
				);
				INFOPLIST_FILE = "eri-Info.plist";
				LIBRARY_SEARCH_PATHS = (
					"$(inherited)",
					../3rd/libpng,
					../3rd/freetype,
				);
				PRODUCT_NAME = eri;
				"PROVISIONING_PROFILE[sdk=iphoneos*]" = "";
			};
			name = Release;
		};
		C01FCF4F08A954540054247B /* Debug */ = {
			isa = XCBuildConfiguration;
			buildSettings = {
				ARCHS = "$(ARCHS_STANDARD_32_BIT)";
				"CODE_SIGN_IDENTITY[sdk=iphoneos*]" = "iPhone Developer: Chia-Yu Chen (4F5XGVE3MC)";
				GCC_C_LANGUAGE_STANDARD = c99;
				GCC_WARN_ABOUT_RETURN_TYPE = YES;
				GCC_WARN_UNUSED_VARIABLE = YES;
				HEADER_SEARCH_PATHS = "";
				IPHONEOS_DEPLOYMENT_TARGET = 3.0;
				"PROVISIONING_PROFILE[sdk=iphoneos*]" = "1EF3D6E8-7BDF-456D-B270-112CB395C079";
				SDKROOT = iphoneos;
			};
			name = Debug;
		};
		C01FCF5008A954540054247B /* Release */ = {
			isa = XCBuildConfiguration;
			buildSettings = {
				ARCHS = "$(ARCHS_STANDARD_32_BIT)";
				"CODE_SIGN_IDENTITY[sdk=iphoneos*]" = "iPhone Developer: Chia-Yu Chen (4F5XGVE3MC)";
				GCC_C_LANGUAGE_STANDARD = c99;
				GCC_WARN_ABOUT_RETURN_TYPE = YES;
				GCC_WARN_UNUSED_VARIABLE = YES;
				HEADER_SEARCH_PATHS = "";
				"PROVISIONING_PROFILE[sdk=iphoneos*]" = "1EF3D6E8-7BDF-456D-B270-112CB395C079";
				SDKROOT = iphoneos;
			};
			name = Release;
		};
/* End XCBuildConfiguration section */

/* Begin XCConfigurationList section */
		1D6058960D05DD3E006BFB54 /* Build configuration list for PBXNativeTarget "eri" */ = {
			isa = XCConfigurationList;
			buildConfigurations = (
				1D6058940D05DD3E006BFB54 /* Debug */,
				1D6058950D05DD3E006BFB54 /* Release */,
			);
			defaultConfigurationIsVisible = 0;
			defaultConfigurationName = Release;
		};
		C01FCF4E08A954540054247B /* Build configuration list for PBXProject "eri" */ = {
			isa = XCConfigurationList;
			buildConfigurations = (
				C01FCF4F08A954540054247B /* Debug */,
				C01FCF5008A954540054247B /* Release */,
			);
			defaultConfigurationIsVisible = 0;
			defaultConfigurationName = Release;
		};
/* End XCConfigurationList section */
	};
	rootObject = 29B97313FDCFA39411CA2CEA /* Project object */;
}
